Microsoft Visual Studio Solution File, Format Version 12.00
# Visual Studio Version 18
VisualStudioVersion = 18.4.11605.240 stable
MinimumVisualStudioVersion = 10.0.40219.1
Project("{FAE04EC0-301F-11D3-BF4B-00C04F79EFBC}") = "MedApp", "MedApp\MedApp.csproj", "{3C4B2A1D-5E6F-4789-ABCD-12345678ABCD}"
EndProject
Project("{FAE04EC0-301F-11D3-BF4B-00C04F79EFBC}") = "MedApp.Tests", "MedApp.Tests\MedApp.Tests.csproj", "{8DEBE90A-B8F4-4405-B35E-95BC9BE238E9}"
EndProject
Global
	GlobalSection(SolutionConfigurationPlatforms) = preSolution
		Debug|Any CPU = Debug|Any CPU
		Release|Any CPU = Release|Any CPU
	EndGlobalSection
	GlobalSection(ProjectConfigurationPlatforms) = postSolution
		{3C4B2A1D-5E6F-4789-ABCD-12345678ABCD}.Debug|Any CPU.ActiveCfg = Debug|Any CPU
		{3C4B2A1D-5E6F-4789-ABCD-12345678ABCD}.Debug|Any CPU.Build.0 = Debug|Any CPU
		{3C4B2A1D-5E6F-4789-ABCD-12345678ABCD}.Debug|Any CPU.Deploy.0 = Debug|Any CPU
		{3C4B2A1D-5E6F-4789-ABCD-12345678ABCD}.Release|Any CPU.ActiveCfg = Release|Any CPU
		{3C4B2A1D-5E6F-4789-ABCD-12345678ABCD}.Release|Any CPU.Build.0 = Release|Any CPU
		{8DEBE90A-B8F4-4405-B35E-95BC9BE238E9}.Debug|Any CPU.ActiveCfg = Debug|Any CPU
		{8DEBE90A-B8F4-4405-B35E-95BC9BE238E9}.Debug|Any CPU.Build.0 = Debug|Any CPU
		{8DEBE90A-B8F4-4405-B35E-95BC9BE238E9}.Release|Any CPU.ActiveCfg = Release|Any CPU
		{8DEBE90A-B8F4-4405-B35E-95BC9BE238E9}.Release|Any CPU.Build.0 = Release|Any CPU
	EndGlobalSection
	GlobalSection(SolutionProperties) = preSolution
		HideSolutionNode = FALSE
	EndGlobalSection
EndGlobal
